// !$*UTF8*$!
{
	archiveVersion = 1;
	classes = {
	};
	objectVersion = 46;
	objects = {

/* Begin PBXBuildFile section */
		472540481CE3CC080088A76B /* AppDelegate.swift in Sources */ = {isa = PBXBuildFile; fileRef = 472540471CE3CC080088A76B /* AppDelegate.swift */; };
		4725404A1CE3CC080088A76B /* ViewController.swift in Sources */ = {isa = PBXBuildFile; fileRef = 472540491CE3CC080088A76B /* ViewController.swift */; };
		4725404D1CE3CC080088A76B /* Main.storyboard in Resources */ = {isa = PBXBuildFile; fileRef = 4725404B1CE3CC080088A76B /* Main.storyboard */; };
		4725404F1CE3CC080088A76B /* Assets.xcassets in Resources */ = {isa = PBXBuildFile; fileRef = 4725404E1CE3CC080088A76B /* Assets.xcassets */; };
		472540521CE3CC080088A76B /* LaunchScreen.storyboard in Resources */ = {isa = PBXBuildFile; fileRef = 472540501CE3CC080088A76B /* LaunchScreen.storyboard */; };
/* End PBXBuildFile section */

/* Begin PBXFileReference section */
		472540441CE3CC080088A76B /* multiplier.app */ = {isa = PBXFileReference; explicitFileType = wrapper.application; includeInIndex = 0; path = multiplier.app; sourceTree = BUILT_PRODUCTS_DIR; };
		472540471CE3CC080088A76B /* AppDelegate.swift */ = {isa = PBXFileReference; lastKnownFileType = sourcecode.swift; path = AppDelegate.swift; sourceTree = "<group>"; };
		472540491CE3CC080088A76B /* ViewController.swift */ = {isa = PBXFileReference; lastKnownFileType = sourcecode.swift; path = ViewController.swift; sourceTree = "<group>"; };
		4725404C1CE3CC080088A76B /* Base */ = {isa = PBXFileReference; lastKnownFileType = file.storyboard; name = Base; path = Base.lproj/Main.storyboard; sourceTree = "<group>"; };
		4725404E1CE3CC080088A76B /* Assets.xcassets */ = {isa = PBXFileReference; lastKnownFileType = folder.assetcatalog; path = Assets.xcassets; sourceTree = "<group>"; };
		472540511CE3CC080088A76B /* Base */ = {isa = PBXFileReference; lastKnownFileType = file.storyboard; name = Base; path = Base.lproj/LaunchScreen.storyboard; sourceTree = "<group>"; };
		472540531CE3CC080088A76B /* Info.plist */ = {isa = PBXFileReference; lastKnownFileType = text.plist.xml; path = Info.plist; sourceTree = "<group>"; };
/* End PBXFileReference section */

/* Begin PBXFrameworksBuildPhase section */
		472540411CE3CC080088A76B /* Frameworks */ = {
			isa = PBXFrameworksBuildPhase;
			buildActionMask = 2147483647;
			files = (
			);
			runOnlyForDeploymentPostprocessing = 0;
		};
/* End PBXFrameworksBuildPhase section */

/* Begin PBXGroup section */
		4725403B1CE3CC080088A76B = {
			isa = PBXGroup;
			children = (
				472540461CE3CC080088A76B /* multiplier */,
				472540451CE3CC080088A76B /* Products */,
			);
			sourceTree = "<group>";
		};
		472540451CE3CC080088A76B /* Products */ = {
			isa = PBXGroup;
			children = (
				472540441CE3CC080088A76B /* multiplier.app */,
			);
			name = Products;
			sourceTree = "<group>";
		};
		472540461CE3CC080088A76B /* multiplier */ = {
			isa = PBXGroup;
			children = (
				472540471CE3CC080088A76B /* AppDelegate.swift */,
				472540491CE3CC080088A76B /* ViewController.swift */,
				4725404B1CE3CC080088A76B /* Main.storyboard */,
				4725404E1CE3CC080088A76B /* Assets.xcassets */,
				472540501CE3CC080088A76B /* LaunchScreen.storyboard */,
				472540531CE3CC080088A76B /* Info.plist */,
			);
			path = multiplier;
			sourceTree = "<group>";
		};
/* End PBXGroup section */

/* Begin PBXNativeTarget section */
		472540431CE3CC080088A76B /* multiplier */ = {
			isa = PBXNativeTarget;
			buildConfigurationList = 472540561CE3CC080088A76B /* Build configuration list for PBXNativeTarget "multiplier" */;
			buildPhases = (
				472540401CE3CC080088A76B /* Sources */,
				472540411CE3CC080088A76B /* Frameworks */,
				472540421CE3CC080088A76B /* Resources */,
			);
			buildRules = (
			);
			dependencies = (
			);
			name = multiplier;
			productName = multiplier;
			productReference = 472540441CE3CC080088A76B /* multiplier.app */;
			productType = "com.apple.product-type.application";
		};
/* End PBXNativeTarget section */

/* Begin PBXProject section */
		4725403C1CE3CC080088A76B /* Project object */ = {
			isa = PBXProject;
			attributes = {
				LastSwiftUpdateCheck = 0720;
				LastUpgradeCheck = 0720;
				ORGANIZATIONNAME = H;
				TargetAttributes = {
					472540431CE3CC080088A76B = {
						CreatedOnToolsVersion = 7.2.1;
					};
				};
			};
			buildConfigurationList = 4725403F1CE3CC080088A76B /* Build configuration list for PBXProject "multiplier" */;
			compatibilityVersion = "Xcode 3.2";
			developmentRegion = English;
			hasScannedForEncodings = 0;
			knownRegions = (
				en,
				Base,
			);
			mainGroup = 4725403B1CE3CC080088A76B;
			productRefGroup = 472540451CE3CC080088A76B /* Products */;
			projectDirPath = "";
			projectRoot = "";
			targets = (
				472540431CE3CC080088A76B /* multiplier */,
			);
		};
/* End PBXProject section */

/* Begin PBXResourcesBuildPhase section */
		472540421CE3CC080088A76B /* Resources */ = {
			isa = PBXResourcesBuildPhase;
			buildActionMask = 2147483647;
			files = (
				472540521CE3CC080088A76B /* LaunchScreen.storyboard in Resources */,
				4725404F1CE3CC080088A76B /* Assets.xcassets in Resources */,
				4725404D1CE3CC080088A76B /* Main.storyboard in Resources */,
			);
			runOnlyForDeploymentPostprocessing = 0;
		};
/* End PBXResourcesBuildPhase section */

/* Begin PBXSourcesBuildPhase section */
		472540401CE3CC080088A76B /* Sources */ = {
			isa = PBXSourcesBuildPhase;
			buildActionMask = 2147483647;
			files = (
				4725404A1CE3CC080088A76B /* ViewController.swift in Sources */,
				472540481CE3CC080088A76B /* AppDelegate.swift in Sources */,
			);
			runOnlyForDeploymentPostprocessing = 0;
		};
/* End PBXSourcesBuildPhase section */

/* Begin PBXVariantGroup section */
		4725404B1CE3CC080088A76B /* Main.storyboard */ = {
			isa = PBXVariantGroup;
			children = (
				4725404C1CE3CC080088A76B /* Base */,
			);
			name = Main.storyboard;
			sourceTree = "<group>";
		};
		472540501CE3CC080088A76B /* LaunchScreen.storyboard */ = {
			isa = PBXVariantGroup;
			children = (
				472540511CE3CC080088A76B /* Base */,
			);
			name = LaunchScreen.storyboard;
			sourceTree = "<group>";
		};
/* End PBXVariantGroup section */

/* Begin XCBuildConfiguration section */
		472540541CE3CC080088A76B /* Debug */ = {
			isa = XCBuildConfiguration;
			buildSettings = {
				ALWAYS_SEARCH_USER_PATHS = NO;
				CLANG_CXX_LANGUAGE_STANDARD = "gnu++0x";
				CLANG_CXX_LIBRARY = "libc++";
				CLANG_ENABLE_MODULES = YES;
				CLANG_ENABLE_OBJC_ARC = YES;
				CLANG_WARN_BOOL_CONVERSION = YES;
				CLANG_WARN_CONSTANT_CONVERSION = YES;
				CLANG_WARN_DIRECT_OBJC_ISA_USAGE = YES_ERROR;
				CLANG_WARN_EMPTY_BODY = YES;
				CLANG_WARN_ENUM_CONVERSION = YES;
				CLANG_WARN_INT_CONVERSION = YES;
				CLANG_WARN_OBJC_ROOT_CLASS = YES_ERROR;
				CLANG_WARN_UNREACHABLE_CODE = YES;
				CLANG_WARN__DUPLICATE_METHOD_MATCH = YES;
				"CODE_SIGN_IDENTITY[sdk=iphoneos*]" = "iPhone Developer";
				COPY_PHASE_STRIP = NO;
				DEBUG_INFORMATION_FORMAT = dwarf;
				ENABLE_STRICT_OBJC_MSGSEND = YES;
				ENABLE_TESTABILITY = YES;
				GCC_C_LANGUAGE_STANDARD = gnu99;
				GCC_DYNAMIC_NO_PIC = NO;
				GCC_NO_COMMON_BLOCKS = YES;
				GCC_OPTIMIZATION_LEVEL = 0;
				GCC_PREPROCESSOR_DEFINITIONS = (
					"DEBUG=1",
					"$(inherited)",
				);
				GCC_WARN_64_TO_32_BIT_CONVERSION = YES;
				GCC_WARN_ABOUT_RETURN_TYPE = YES_ERROR;
				GCC_WARN_UNDECLARED_SELECTOR = YES;
				GCC_WARN_UNINITIALIZED_AUTOS = YES_AGGRESSIVE;
				GCC_WARN_UNUSED_FUNCTION = YES;
				GCC_WARN_UNUSED_VARIABLE = YES;
				IPHONEOS_DEPLOYMENT_TARGET = 9.2;
				MTL_ENABLE_DEBUG_INFO = YES;
				ONLY_ACTIVE_ARCH = YES;
				SDKROOT = iphoneos;
				SWIFT_OPTIMIZATION_LEVEL = "-Onone";
			};
			name = Debug;
		};
		472540551CE3CC080088A76B /* Release */ = {
			isa = XCBuildConfiguration;
			buildSettings = {
				ALWAYS_SEARCH_USER_PATHS = NO;
				CLANG_CXX_LANGUAGE_STANDARD = "gnu++0x";
				CLANG_CXX_LIBRARY = "libc++";
				CLANG_ENABLE_MODULES = YES;
				CLANG_ENABLE_OBJC_ARC = YES;
				CLANG_WARN_BOOL_CONVERSION = YES;
				CLANG_WARN_CONSTANT_CONVERSION = YES;
				CLANG_WARN_DIRECT_OBJC_ISA_USAGE = YES_ERROR;
				CLANG_WARN_EMPTY_BODY = YES;
				CLANG_WARN_ENUM_CONVERSION = YES;
				CLANG_WARN_INT_CONVERSION = YES;
				CLANG_WARN_OBJC_ROOT_CLASS = YES_ERROR;
				CLANG_WARN_UNREACHABLE_CODE = YES;
				CLANG_WARN__DUPLICATE_METHOD_MATCH = YES;
				"CODE_SIGN_IDENTITY[sdk=iphoneos*]" = "iPhone Developer";
				COPY_PHASE_STRIP = NO;
				DEBUG_INFORMATION_FORMAT = "dwarf-with-dsym";
				ENABLE_NS_ASSERTIONS = NO;
				ENABLE_STRICT_OBJC_MSGSEND = YES;
				GCC_C_LANGUAGE_STANDARD = gnu99;
				GCC_NO_COMMON_BLOCKS = YES;
				GCC_WARN_64_TO_32_BIT_CONVERSION = YES;
				GCC_WARN_ABOUT_RETURN_TYPE = YES_ERROR;
				GCC_WARN_UNDECLARED_SELECTOR = YES;
				GCC_WARN_UNINITIALIZED_AUTOS = YES_AGGRESSIVE;
				GCC_WARN_UNUSED_FUNCTION = YES;
				GCC_WARN_UNUSED_VARIABLE = YES;
				IPHONEOS_DEPLOYMENT_TARGET = 9.2;
				MTL_ENABLE_DEBUG_INFO = NO;
				SDKROOT = iphoneos;
				VALIDATE_PRODUCT = YES;
			};
			name = Release;
		};
		472540571CE3CC080088A76B /* Debug */ = {
			isa = XCBuildConfiguration;
			buildSettings = {
				ASSETCATALOG_COMPILER_APPICON_NAME = AppIcon;
				INFOPLIST_FILE = multiplier/Info.plist;
				LD_RUNPATH_SEARCH_PATHS = "$(inherited) @executable_path/Frameworks";
				PRODUCT_BUNDLE_IDENTIFIER = com.test.multiplier;
				PRODUCT_NAME = "$(TARGET_NAME)";
			};
			name = Debug;
		};
		472540581CE3CC080088A76B /* Release */ = {
			isa = XCBuildConfiguration;
			buildSettings = {
				ASSETCATALOG_COMPILER_APPICON_NAME = AppIcon;
				INFOPLIST_FILE = multiplier/Info.plist;
				LD_RUNPATH_SEARCH_PATHS = "$(inherited) @executable_path/Frameworks";
				PRODUCT_BUNDLE_IDENTIFIER = com.test.multiplier;
				PRODUCT_NAME = "$(TARGET_NAME)";
			};
			name = Release;
		};
/* End XCBuildConfiguration section */

/* Begin XCConfigurationList section */
		4725403F1CE3CC080088A76B /* Build configuration list for PBXProject "multiplier" */ = {
			isa = XCConfigurationList;
			buildConfigurations = (
				472540541CE3CC080088A76B /* Debug */,
				472540551CE3CC080088A76B /* Release */,
			);
			defaultConfigurationIsVisible = 0;
			defaultConfigurationName = Release;
		};
		472540561CE3CC080088A76B /* Build configuration list for PBXNativeTarget "multiplier" */ = {
			isa = XCConfigurationList;
			buildConfigurations = (
				472540571CE3CC080088A76B /* Debug */,
				472540581CE3CC080088A76B /* Release */,
			);
			defaultConfigurationIsVisible = 0;
		};
/* End XCConfigurationList section */
	};
	rootObject = 4725403C1CE3CC080088A76B /* Project object */;
}
